schema: '2.0'
stages:
  load_data:
    cmd: python source_files/load_data.py --config=params.yaml
    deps:
    - path: Original_data/BreastCancer.csv
      md5: 728371b4fe6b31828bf14dd646b3ef4d
      size: 125204
    - path: source_files/get_data.py
      md5: 07f5b9c9b5bf8c2363ca5eb62fa78014
      size: 622
    - path: source_files/load_data.py
      md5: 9c4df4cadd130b1c1bcef4767e580347
      size: 657
    outs:
    - path: data/raw/BreastCancer.csv
      md5: fda4dac05a83d0c5e7ef6f7a4b7feb3c
      size: 147662
  split_data:
    cmd: python source_files/split_data.py --config=params.yaml
    deps:
    - path: data/filtered/BreastCancer.csv
      md5: 543f00799b881046007fba6c3e2c8204
      size: 37109
    - path: source_files/split_data.py
      md5: e21ede070ac29f42122e5506490c1956
      size: 1071
    params:
      params.yaml:
        select_data.corr_val: 0.93
        select_data.k: 15
    outs:
    - path: data/processed/test_BC.csv
      md5: f8be7d8cbc0fe0d4f84e4a86c8975174
      size: 8262
    - path: data/processed/train_BC.csv
      md5: 2c1dd89913ded4b827efef46bf39ae15
      size: 32450
  train_and_evaluate:
    cmd: python source_files/train_and_evaluate.py --config=params.yaml
    deps:
    - path: data/processed/test_BC.csv
      md5: f8be7d8cbc0fe0d4f84e4a86c8975174
      size: 8262
    - path: data/processed/train_BC.csv
      md5: 2c1dd89913ded4b827efef46bf39ae15
      size: 32450
    - path: source_files/feature_selection.py
      md5: 3cf138def9d79f1e0f5f7a79a4758533
      size: 1782
    - path: source_files/train_and_evaluate.py
      md5: ba1f35f2ab9821b4b8c9e3d79be1aff0
      size: 2023
    params:
      params.yaml:
        select_data.corr_val: 0.93
        select_data.k: 15
    outs:
    - path: report/params.json
      md5: 24748fe4a94fae415969aa9878dfa27b
      size: 43
    - path: report/scores.json
      md5: dd4575688eab34e5f91052d98d8daba3
      size: 28
    - path: saved_models/model.joblib
      md5: 44a29d32dfc2dc4a5e4b5aca678bdc1c
      size: 413828
